// !$*UTF8*$!
{
	archiveVersion = 1;
	classes = {
	};
	objectVersion = 48;
	objects = {

/* Begin PBXBuildFile section */
		D64DD8341FD90E3100C3B9C0 /* main.cpp in Sources */ = {isa = PBXBuildFile; fileRef = D64DD8331FD90E3100C3B9C0 /* main.cpp */; };
		D64DD83C1FD90E5900C3B9C0 /* Cache.cpp in Sources */ = {isa = PBXBuildFile; fileRef = D64DD83A1FD90E5900C3B9C0 /* Cache.cpp */; };
		D64DD83F1FD90F5300C3B9C0 /* utils.cpp in Sources */ = {isa = PBXBuildFile; fileRef = D64DD83D1FD90F5300C3B9C0 /* utils.cpp */; };
		D64DD8421FD915E800C3B9C0 /* ReplPolicy.cpp in Sources */ = {isa = PBXBuildFile; fileRef = D64DD8401FD915E800C3B9C0 /* ReplPolicy.cpp */; };
		D64DD8471FD9454E00C3B9C0 /* CacheSys.cpp in Sources */ = {isa = PBXBuildFile; fileRef = D64DD8451FD9454E00C3B9C0 /* CacheSys.cpp */; };
		D69434ED1FDF3D7700DE361C /* Request.cpp in Sources */ = {isa = PBXBuildFile; fileRef = D69434EB1FDF3D7700DE361C /* Request.cpp */; };
/* End PBXBuildFile section */

/* Begin PBXCopyFilesBuildPhase section */
		D64DD82E1FD90E3100C3B9C0 /* CopyFiles */ = {
			isa = PBXCopyFilesBuildPhase;
			buildActionMask = 2147483647;
			dstPath = /usr/share/man/man1/;
			dstSubfolderSpec = 0;
			files = (
			);
			runOnlyForDeploymentPostprocessing = 1;
		};
/* End PBXCopyFilesBuildPhase section */

/* Begin PBXFileReference section */
		D64DD8301FD90E3100C3B9C0 /* TLB-Coherence-Simulator */ = {isa = PBXFileReference; explicitFileType = "compiled.mach-o.executable"; includeInIndex = 0; path = "TLB-Coherence-Simulator"; sourceTree = BUILT_PRODUCTS_DIR; };
		D64DD8331FD90E3100C3B9C0 /* main.cpp */ = {isa = PBXFileReference; lastKnownFileType = sourcecode.cpp.cpp; path = main.cpp; sourceTree = "<group>"; };
		D64DD83A1FD90E5900C3B9C0 /* Cache.cpp */ = {isa = PBXFileReference; lastKnownFileType = sourcecode.cpp.cpp; path = Cache.cpp; sourceTree = "<group>"; };
		D64DD83B1FD90E5900C3B9C0 /* Cache.hpp */ = {isa = PBXFileReference; lastKnownFileType = sourcecode.cpp.h; path = Cache.hpp; sourceTree = "<group>"; };
		D64DD83D1FD90F5300C3B9C0 /* utils.cpp */ = {isa = PBXFileReference; lastKnownFileType = sourcecode.cpp.cpp; path = utils.cpp; sourceTree = "<group>"; };
		D64DD83E1FD90F5300C3B9C0 /* utils.hpp */ = {isa = PBXFileReference; lastKnownFileType = sourcecode.cpp.h; path = utils.hpp; sourceTree = "<group>"; };
		D64DD8401FD915E800C3B9C0 /* ReplPolicy.cpp */ = {isa = PBXFileReference; lastKnownFileType = sourcecode.cpp.cpp; path = ReplPolicy.cpp; sourceTree = "<group>"; };
		D64DD8411FD915E800C3B9C0 /* ReplPolicy.hpp */ = {isa = PBXFileReference; lastKnownFileType = sourcecode.cpp.h; path = ReplPolicy.hpp; sourceTree = "<group>"; };
		D64DD8441FD91DF000C3B9C0 /* CacheLine.h */ = {isa = PBXFileReference; lastKnownFileType = sourcecode.c.h; path = CacheLine.h; sourceTree = "<group>"; };
		D64DD8451FD9454E00C3B9C0 /* CacheSys.cpp */ = {isa = PBXFileReference; lastKnownFileType = sourcecode.cpp.cpp; path = CacheSys.cpp; sourceTree = "<group>"; };
		D64DD8461FD9454E00C3B9C0 /* CacheSys.hpp */ = {isa = PBXFileReference; lastKnownFileType = sourcecode.cpp.h; path = CacheSys.hpp; sourceTree = "<group>"; };
		D69434EB1FDF3D7700DE361C /* Request.cpp */ = {isa = PBXFileReference; lastKnownFileType = sourcecode.cpp.cpp; path = Request.cpp; sourceTree = "<group>"; };
		D69434EC1FDF3D7700DE361C /* Request.hpp */ = {isa = PBXFileReference; lastKnownFileType = sourcecode.cpp.h; path = Request.hpp; sourceTree = "<group>"; };
/* End PBXFileReference section */

/* Begin PBXFrameworksBuildPhase section */
		D64DD82D1FD90E3100C3B9C0 /* Frameworks */ = {
			isa = PBXFrameworksBuildPhase;
			buildActionMask = 2147483647;
			files = (
			);
			runOnlyForDeploymentPostprocessing = 0;
		};
/* End PBXFrameworksBuildPhase section */

/* Begin PBXGroup section */
		D64DD8271FD90E3100C3B9C0 = {
			isa = PBXGroup;
			children = (
				D64DD8441FD91DF000C3B9C0 /* CacheLine.h */,
				D64DD8321FD90E3100C3B9C0 /* TLB-Coherence-Simulator */,
				D64DD8311FD90E3100C3B9C0 /* Products */,
			);
			sourceTree = "<group>";
		};
		D64DD8311FD90E3100C3B9C0 /* Products */ = {
			isa = PBXGroup;
			children = (
				D64DD8301FD90E3100C3B9C0 /* TLB-Coherence-Simulator */,
			);
			name = Products;
			sourceTree = "<group>";
		};
		D64DD8321FD90E3100C3B9C0 /* TLB-Coherence-Simulator */ = {
			isa = PBXGroup;
			children = (
				D64DD8331FD90E3100C3B9C0 /* main.cpp */,
				D64DD83A1FD90E5900C3B9C0 /* Cache.cpp */,
				D64DD83B1FD90E5900C3B9C0 /* Cache.hpp */,
				D69434EB1FDF3D7700DE361C /* Request.cpp */,
				D69434EC1FDF3D7700DE361C /* Request.hpp */,
				D64DD8451FD9454E00C3B9C0 /* CacheSys.cpp */,
				D64DD8461FD9454E00C3B9C0 /* CacheSys.hpp */,
				D64DD8401FD915E800C3B9C0 /* ReplPolicy.cpp */,
				D64DD8411FD915E800C3B9C0 /* ReplPolicy.hpp */,
				D64DD83D1FD90F5300C3B9C0 /* utils.cpp */,
				D64DD83E1FD90F5300C3B9C0 /* utils.hpp */,
			);
			path = "TLB-Coherence-Simulator";
			sourceTree = "<group>";
		};
/* End PBXGroup section */

/* Begin PBXNativeTarget section */
		D64DD82F1FD90E3100C3B9C0 /* TLB-Coherence-Simulator */ = {
			isa = PBXNativeTarget;
			buildConfigurationList = D64DD8371FD90E3100C3B9C0 /* Build configuration list for PBXNativeTarget "TLB-Coherence-Simulator" */;
			buildPhases = (
				D64DD82C1FD90E3100C3B9C0 /* Sources */,
				D64DD82D1FD90E3100C3B9C0 /* Frameworks */,
				D64DD82E1FD90E3100C3B9C0 /* CopyFiles */,
			);
			buildRules = (
			);
			dependencies = (
			);
			name = "TLB-Coherence-Simulator";
			productName = "TLB-Coherence-Simulator";
			productReference = D64DD8301FD90E3100C3B9C0 /* TLB-Coherence-Simulator */;
			productType = "com.apple.product-type.tool";
		};
/* End PBXNativeTarget section */

/* Begin PBXProject section */
		D64DD8281FD90E3100C3B9C0 /* Project object */ = {
			isa = PBXProject;
			attributes = {
				LastUpgradeCheck = 0910;
				ORGANIZATIONNAME = "Yashwant Marathe";
				TargetAttributes = {
					D64DD82F1FD90E3100C3B9C0 = {
						CreatedOnToolsVersion = 9.1;
						ProvisioningStyle = Automatic;
					};
				};
			};
			buildConfigurationList = D64DD82B1FD90E3100C3B9C0 /* Build configuration list for PBXProject "TLB-Coherence-Simulator" */;
			compatibilityVersion = "Xcode 8.0";
			developmentRegion = en;
			hasScannedForEncodings = 0;
			knownRegions = (
				en,
			);
			mainGroup = D64DD8271FD90E3100C3B9C0;
			productRefGroup = D64DD8311FD90E3100C3B9C0 /* Products */;
			projectDirPath = "";
			projectRoot = "";
			targets = (
				D64DD82F1FD90E3100C3B9C0 /* TLB-Coherence-Simulator */,
			);
		};
/* End PBXProject section */

/* Begin PBXSourcesBuildPhase section */
		D64DD82C1FD90E3100C3B9C0 /* Sources */ = {
			isa = PBXSourcesBuildPhase;
			buildActionMask = 2147483647;
			files = (
				D64DD83F1FD90F5300C3B9C0 /* utils.cpp in Sources */,
				D64DD83C1FD90E5900C3B9C0 /* Cache.cpp in Sources */,
				D64DD8421FD915E800C3B9C0 /* ReplPolicy.cpp in Sources */,
				D69434ED1FDF3D7700DE361C /* Request.cpp in Sources */,
				D64DD8341FD90E3100C3B9C0 /* main.cpp in Sources */,
				D64DD8471FD9454E00C3B9C0 /* CacheSys.cpp in Sources */,
			);
			runOnlyForDeploymentPostprocessing = 0;
		};
/* End PBXSourcesBuildPhase section */

/* Begin XCBuildConfiguration section */
		D64DD8351FD90E3100C3B9C0 /* Debug */ = {
			isa = XCBuildConfiguration;
			buildSettings = {
				ALWAYS_SEARCH_USER_PATHS = NO;
				CLANG_ANALYZER_NONNULL = YES;
				CLANG_ANALYZER_NUMBER_OBJECT_CONVERSION = YES_AGGRESSIVE;
				CLANG_CXX_LANGUAGE_STANDARD = "gnu++14";
				CLANG_CXX_LIBRARY = "libc++";
				CLANG_ENABLE_MODULES = YES;
				CLANG_ENABLE_OBJC_ARC = YES;
				CLANG_WARN_BLOCK_CAPTURE_AUTORELEASING = YES;
				CLANG_WARN_BOOL_CONVERSION = YES;
				CLANG_WARN_COMMA = YES;
				CLANG_WARN_CONSTANT_CONVERSION = YES;
				CLANG_WARN_DIRECT_OBJC_ISA_USAGE = YES_ERROR;
				CLANG_WARN_DOCUMENTATION_COMMENTS = YES;
				CLANG_WARN_EMPTY_BODY = YES;
				CLANG_WARN_ENUM_CONVERSION = YES;
				CLANG_WARN_INFINITE_RECURSION = YES;
				CLANG_WARN_INT_CONVERSION = YES;
				CLANG_WARN_NON_LITERAL_NULL_CONVERSION = YES;
				CLANG_WARN_OBJC_LITERAL_CONVERSION = YES;
				CLANG_WARN_OBJC_ROOT_CLASS = YES_ERROR;
				CLANG_WARN_RANGE_LOOP_ANALYSIS = YES;
				CLANG_WARN_STRICT_PROTOTYPES = YES;
				CLANG_WARN_SUSPICIOUS_MOVE = YES;
				CLANG_WARN_UNGUARDED_AVAILABILITY = YES_AGGRESSIVE;
				CLANG_WARN_UNREACHABLE_CODE = YES;
				CLANG_WARN__DUPLICATE_METHOD_MATCH = YES;
				CODE_SIGN_IDENTITY = "-";
				COPY_PHASE_STRIP = NO;
				DEBUG_INFORMATION_FORMAT = dwarf;
				ENABLE_STRICT_OBJC_MSGSEND = YES;
				ENABLE_TESTABILITY = YES;
				GCC_C_LANGUAGE_STANDARD = gnu11;
				GCC_DYNAMIC_NO_PIC = NO;
				GCC_NO_COMMON_BLOCKS = YES;
				GCC_OPTIMIZATION_LEVEL = 0;
				GCC_PREPROCESSOR_DEFINITIONS = (
					"DEBUG=1",
					"$(inherited)",
				);
				GCC_WARN_64_TO_32_BIT_CONVERSION = YES;
				GCC_WARN_ABOUT_RETURN_TYPE = YES_ERROR;
				GCC_WARN_UNDECLARED_SELECTOR = YES;
				GCC_WARN_UNINITIALIZED_AUTOS = YES_AGGRESSIVE;
				GCC_WARN_UNUSED_FUNCTION = YES;
				GCC_WARN_UNUSED_VARIABLE = YES;
				MACOSX_DEPLOYMENT_TARGET = 10.12;
				MTL_ENABLE_DEBUG_INFO = YES;
				ONLY_ACTIVE_ARCH = YES;
				SDKROOT = macosx;
			};
			name = Debug;
		};
		D64DD8361FD90E3100C3B9C0 /* Release */ = {
			isa = XCBuildConfiguration;
			buildSettings = {
				ALWAYS_SEARCH_USER_PATHS = NO;
				CLANG_ANALYZER_NONNULL = YES;
				CLANG_ANALYZER_NUMBER_OBJECT_CONVERSION = YES_AGGRESSIVE;
				CLANG_CXX_LANGUAGE_STANDARD = "gnu++14";
				CLANG_CXX_LIBRARY = "libc++";
				CLANG_ENABLE_MODULES = YES;
				CLANG_ENABLE_OBJC_ARC = YES;
				CLANG_WARN_BLOCK_CAPTURE_AUTORELEASING = YES;
				CLANG_WARN_BOOL_CONVERSION = YES;
				CLANG_WARN_COMMA = YES;
				CLANG_WARN_CONSTANT_CONVERSION = YES;
				CLANG_WARN_DIRECT_OBJC_ISA_USAGE = YES_ERROR;
				CLANG_WARN_DOCUMENTATION_COMMENTS = YES;
				CLANG_WARN_EMPTY_BODY = YES;
				CLANG_WARN_ENUM_CONVERSION = YES;
				CLANG_WARN_INFINITE_RECURSION = YES;
				CLANG_WARN_INT_CONVERSION = YES;
				CLANG_WARN_NON_LITERAL_NULL_CONVERSION = YES;
				CLANG_WARN_OBJC_LITERAL_CONVERSION = YES;
				CLANG_WARN_OBJC_ROOT_CLASS = YES_ERROR;
				CLANG_WARN_RANGE_LOOP_ANALYSIS = YES;
				CLANG_WARN_STRICT_PROTOTYPES = YES;
				CLANG_WARN_SUSPICIOUS_MOVE = YES;
				CLANG_WARN_UNGUARDED_AVAILABILITY = YES_AGGRESSIVE;
				CLANG_WARN_UNREACHABLE_CODE = YES;
				CLANG_WARN__DUPLICATE_METHOD_MATCH = YES;
				CODE_SIGN_IDENTITY = "-";
				COPY_PHASE_STRIP = NO;
				DEBUG_INFORMATION_FORMAT = "dwarf-with-dsym";
				ENABLE_NS_ASSERTIONS = NO;
				ENABLE_STRICT_OBJC_MSGSEND = YES;
				GCC_C_LANGUAGE_STANDARD = gnu11;
				GCC_NO_COMMON_BLOCKS = YES;
				GCC_WARN_64_TO_32_BIT_CONVERSION = YES;
				GCC_WARN_ABOUT_RETURN_TYPE = YES_ERROR;
				GCC_WARN_UNDECLARED_SELECTOR = YES;
				GCC_WARN_UNINITIALIZED_AUTOS = YES_AGGRESSIVE;
				GCC_WARN_UNUSED_FUNCTION = YES;
				GCC_WARN_UNUSED_VARIABLE = YES;
				MACOSX_DEPLOYMENT_TARGET = 10.12;
				MTL_ENABLE_DEBUG_INFO = NO;
				SDKROOT = macosx;
			};
			name = Release;
		};
		D64DD8381FD90E3100C3B9C0 /* Debug */ = {
			isa = XCBuildConfiguration;
			buildSettings = {
				CODE_SIGN_STYLE = Automatic;
				PRODUCT_NAME = "$(TARGET_NAME)";
			};
			name = Debug;
		};
		D64DD8391FD90E3100C3B9C0 /* Release */ = {
			isa = XCBuildConfiguration;
			buildSettings = {
				CODE_SIGN_STYLE = Automatic;
				PRODUCT_NAME = "$(TARGET_NAME)";
			};
			name = Release;
		};
/* End XCBuildConfiguration section */

/* Begin XCConfigurationList section */
		D64DD82B1FD90E3100C3B9C0 /* Build configuration list for PBXProject "TLB-Coherence-Simulator" */ = {
			isa = XCConfigurationList;
			buildConfigurations = (
				D64DD8351FD90E3100C3B9C0 /* Debug */,
				D64DD8361FD90E3100C3B9C0 /* Release */,
			);
			defaultConfigurationIsVisible = 0;
			defaultConfigurationName = Release;
		};
		D64DD8371FD90E3100C3B9C0 /* Build configuration list for PBXNativeTarget "TLB-Coherence-Simulator" */ = {
			isa = XCConfigurationList;
			buildConfigurations = (
				D64DD8381FD90E3100C3B9C0 /* Debug */,
				D64DD8391FD90E3100C3B9C0 /* Release */,
			);
			defaultConfigurationIsVisible = 0;
			defaultConfigurationName = Release;
		};
/* End XCConfigurationList section */
	};
	rootObject = D64DD8281FD90E3100C3B9C0 /* Project object */;
}
